
Microsoft Visual Studio Solution File, Format Version 12.00
# Visual Studio Version 17
VisualStudioVersion = 17.4.33110.190
MinimumVisualStudioVersion = 10.0.40219.1
Project("{FAE04EC0-301F-11D3-BF4B-00C04F79EFBC}") = "gcplength-dotnet", "gcplength-dotnet\gcplength-dotnet.csproj", "{D84B8E00-B325-45AB-8718-CF7C125930E1}"
EndProject
Project("{FAE04EC0-301F-11D3-BF4B-00C04F79EFBC}") = "UnitTest", "UnitTest\UnitTest.csproj", "{C9901E71-89BD-475A-B6DB-2156FC5EBB9D}"
EndProject
Project("{FAE04EC0-301F-11D3-BF4B-00C04F79EFBC}") = "winApp", "winApp\winApp.csproj", "{12819151-DEAB-4A13-B42C-9C38C3FD94DF}"
EndProject
Project("{FAE04EC0-301F-11D3-BF4B-00C04F79EFBC}") = "gcplength-saas-dotnet", "gcplength-saas-dotnet\gcplength-saas-dotnet.csproj", "{86177F75-E0CD-47D7-A247-753DCD8CADD3}"
EndProject
Global
	GlobalSection(SolutionConfigurationPlatforms) = preSolution
		Debug|Any CPU = Debug|Any CPU
		Release|Any CPU = Release|Any CPU
	EndGlobalSection
	GlobalSection(ProjectConfigurationPlatforms) = postSolution
		{D84B8E00-B325-45AB-8718-CF7C125930E1}.Debug|Any CPU.ActiveCfg = Debug|Any CPU
		{D84B8E00-B325-45AB-8718-CF7C125930E1}.Debug|Any CPU.Build.0 = Debug|Any CPU
		{D84B8E00-B325-45AB-8718-CF7C125930E1}.Release|Any CPU.ActiveCfg = Release|Any CPU
		{D84B8E00-B325-45AB-8718-CF7C125930E1}.Release|Any CPU.Build.0 = Release|Any CPU
		{C9901E71-89BD-475A-B6DB-2156FC5EBB9D}.Debug|Any CPU.ActiveCfg = Debug|Any CPU
		{C9901E71-89BD-475A-B6DB-2156FC5EBB9D}.Debug|Any CPU.Build.0 = Debug|Any CPU
		{C9901E71-89BD-475A-B6DB-2156FC5EBB9D}.Release|Any CPU.ActiveCfg = Release|Any CPU
		{C9901E71-89BD-475A-B6DB-2156FC5EBB9D}.Release|Any CPU.Build.0 = Release|Any CPU
		{12819151-DEAB-4A13-B42C-9C38C3FD94DF}.Debug|Any CPU.ActiveCfg = Debug|Any CPU
		{12819151-DEAB-4A13-B42C-9C38C3FD94DF}.Debug|Any CPU.Build.0 = Debug|Any CPU
		{12819151-DEAB-4A13-B42C-9C38C3FD94DF}.Release|Any CPU.ActiveCfg = Release|Any CPU
		{12819151-DEAB-4A13-B42C-9C38C3FD94DF}.Release|Any CPU.Build.0 = Release|Any CPU
		{86177F75-E0CD-47D7-A247-753DCD8CADD3}.Debug|Any CPU.ActiveCfg = Debug|Any CPU
		{86177F75-E0CD-47D7-A247-753DCD8CADD3}.Debug|Any CPU.Build.0 = Debug|Any CPU
		{86177F75-E0CD-47D7-A247-753DCD8CADD3}.Release|Any CPU.ActiveCfg = Release|Any CPU
		{86177F75-E0CD-47D7-A247-753DCD8CADD3}.Release|Any CPU.Build.0 = Release|Any CPU
	EndGlobalSection
	GlobalSection(SolutionProperties) = preSolution
		HideSolutionNode = FALSE
	EndGlobalSection
	GlobalSection(ExtensibilityGlobals) = postSolution
		SolutionGuid = {4EB7EFCF-61C3-4844-B104-E3B587EA7EC8}
	EndGlobalSection
EndGlobal
